
Microsoft Visual Studio Solution File, Format Version 12.00
# Visual Studio Version 17
VisualStudioVersion = 17.7.34003.232
MinimumVisualStudioVersion = 10.0.40219.1
Project("{FAE04EC0-301F-11D3-BF4B-00C04F79EFBC}") = "KufarApi_Z1", "KufarApi_Z1\KufarApi_Z1.csproj", "{299C3651-A155-456C-B87D-A3B340AF7201}"
EndProject
Global
	GlobalSection(SolutionConfigurationPlatforms) = preSolution
		Debug|Any CPU = Debug|Any CPU
		Release|Any CPU = Release|Any CPU
	EndGlobalSection
	GlobalSection(ProjectConfigurationPlatforms) = postSolution
		{299C3651-A155-456C-B87D-A3B340AF7201}.Debug|Any CPU.ActiveCfg = Debug|Any CPU
		{299C3651-A155-456C-B87D-A3B340AF7201}.Debug|Any CPU.Build.0 = Debug|Any CPU
		{299C3651-A155-456C-B87D-A3B340AF7201}.Release|Any CPU.ActiveCfg = Release|Any CPU
		{299C3651-A155-456C-B87D-A3B340AF7201}.Release|Any CPU.Build.0 = Release|Any CPU
	EndGlobalSection
	GlobalSection(SolutionProperties) = preSolution
		HideSolutionNode = FALSE
	EndGlobalSection
	GlobalSection(ExtensibilityGlobals) = postSolution
		SolutionGuid = {946DBBE2-4673-4098-92B8-98AEA875D0E1}
	EndGlobalSection
EndGlobal
